
Microsoft Visual Studio Solution File, Format Version 12.00
# Visual Studio Version 16
VisualStudioVersion = 16.0.30309.148
MinimumVisualStudioVersion = 10.0.40219.1
Project("{9A19103F-16F7-4668-BE54-9A1E7A4F7556}") = "WebReserva", "WebReserva.csproj", "{2FB7EFFB-0E28-4D19-85D2-DDFE5A58D1E8}"
EndProject
Project("{FAE04EC0-301F-11D3-BF4B-00C04F79EFBC}") = "prueba1", "C:\Users\rubencito\Desktop\vue-barcode-reader-demo\prueba1\prueba1.csproj", "{D869371E-0FD6-4682-AB64-CE63B6D17D39}"
EndProject
Global
	GlobalSection(SolutionConfigurationPlatforms) = preSolution
		Debug|Any CPU = Debug|Any CPU
		Release|Any CPU = Release|Any CPU
	EndGlobalSection
	GlobalSection(ProjectConfigurationPlatforms) = postSolution
		{2FB7EFFB-0E28-4D19-85D2-DDFE5A58D1E8}.Debug|Any CPU.ActiveCfg = Debug|Any CPU
		{2FB7EFFB-0E28-4D19-85D2-DDFE5A58D1E8}.Debug|Any CPU.Build.0 = Debug|Any CPU
		{2FB7EFFB-0E28-4D19-85D2-DDFE5A58D1E8}.Release|Any CPU.ActiveCfg = Release|Any CPU
		{2FB7EFFB-0E28-4D19-85D2-DDFE5A58D1E8}.Release|Any CPU.Build.0 = Release|Any CPU
		{D869371E-0FD6-4682-AB64-CE63B6D17D39}.Debug|Any CPU.ActiveCfg = Debug|Any CPU
		{D869371E-0FD6-4682-AB64-CE63B6D17D39}.Debug|Any CPU.Build.0 = Debug|Any CPU
		{D869371E-0FD6-4682-AB64-CE63B6D17D39}.Release|Any CPU.ActiveCfg = Release|Any CPU
		{D869371E-0FD6-4682-AB64-CE63B6D17D39}.Release|Any CPU.Build.0 = Release|Any CPU
	EndGlobalSection
	GlobalSection(SolutionProperties) = preSolution
		HideSolutionNode = FALSE
	EndGlobalSection
	GlobalSection(ExtensibilityGlobals) = postSolution
		SolutionGuid = {17C92A58-D041-4564-8098-E52FDF511AEE}
	EndGlobalSection
EndGlobal
